
Microsoft Visual Studio Solution File, Format Version 12.00
# Visual Studio Version 17
VisualStudioVersion = 17.0.31903.59
MinimumVisualStudioVersion = 10.0.40219.1
Project("{FAE04EC0-301F-11D3-BF4B-00C04F79EFBC}") = "ForgeCss.Core", "ForgeCss.Core\ForgeCss.Core.csproj", "{4EF3B4BD-1B15-4C9E-B88A-112F07C87746}"
EndProject
Project("{FAE04EC0-301F-11D3-BF4B-00C04F79EFBC}") = "ForgeCss.Parsing", "ForgeCss.Parsing\ForgeCss.Parsing.csproj", "{8075A23F-86CC-4AD6-865D-AC522F4F0E77}"
EndProject
Project("{FAE04EC0-301F-11D3-BF4B-00C04F79EFBC}") = "ForgeCss.Cli", "ForgeCss.Cli\ForgeCss.Cli.csproj", "{6CCBF782-495E-4B95-ADE8-D84CEB7CE843}"
EndProject
Project("{FAE04EC0-301F-11D3-BF4B-00C04F79EFBC}") = "ForgeCss.Tests", "ForgeCss.Tests\ForgeCss.Tests.csproj", "{FA957BC7-B921-4F8F-8F75-FD0B3ABACDC9}"
EndProject
Global
	GlobalSection(SolutionConfigurationPlatforms) = preSolution
		Debug|Any CPU = Debug|Any CPU
		Debug|x64 = Debug|x64
		Debug|x86 = Debug|x86
		Release|Any CPU = Release|Any CPU
		Release|x64 = Release|x64
		Release|x86 = Release|x86
	EndGlobalSection
	GlobalSection(ProjectConfigurationPlatforms) = postSolution
		{4EF3B4BD-1B15-4C9E-B88A-112F07C87746}.Debug|Any CPU.ActiveCfg = Debug|Any CPU
		{4EF3B4BD-1B15-4C9E-B88A-112F07C87746}.Debug|Any CPU.Build.0 = Debug|Any CPU
		{4EF3B4BD-1B15-4C9E-B88A-112F07C87746}.Debug|x64.ActiveCfg = Debug|Any CPU
		{4EF3B4BD-1B15-4C9E-B88A-112F07C87746}.Debug|x64.Build.0 = Debug|Any CPU
		{4EF3B4BD-1B15-4C9E-B88A-112F07C87746}.Debug|x86.ActiveCfg = Debug|Any CPU
		{4EF3B4BD-1B15-4C9E-B88A-112F07C87746}.Debug|x86.Build.0 = Debug|Any CPU
		{4EF3B4BD-1B15-4C9E-B88A-112F07C87746}.Release|Any CPU.ActiveCfg = Release|Any CPU
		{4EF3B4BD-1B15-4C9E-B88A-112F07C87746}.Release|Any CPU.Build.0 = Release|Any CPU
		{4EF3B4BD-1B15-4C9E-B88A-112F07C87746}.Release|x64.ActiveCfg = Release|Any CPU
		{4EF3B4BD-1B15-4C9E-B88A-112F07C87746}.Release|x64.Build.0 = Release|Any CPU
		{4EF3B4BD-1B15-4C9E-B88A-112F07C87746}.Release|x86.ActiveCfg = Release|Any CPU
		{4EF3B4BD-1B15-4C9E-B88A-112F07C87746}.Release|x86.Build.0 = Release|Any CPU
		{8075A23F-86CC-4AD6-865D-AC522F4F0E77}.Debug|Any CPU.ActiveCfg = Debug|Any CPU
		{8075A23F-86CC-4AD6-865D-AC522F4F0E77}.Debug|Any CPU.Build.0 = Debug|Any CPU
		{8075A23F-86CC-4AD6-865D-AC522F4F0E77}.Debug|x64.ActiveCfg = Debug|Any CPU
		{8075A23F-86CC-4AD6-865D-AC522F4F0E77}.Debug|x64.Build.0 = Debug|Any CPU
		{8075A23F-86CC-4AD6-865D-AC522F4F0E77}.Debug|x86.ActiveCfg = Debug|Any CPU
		{8075A23F-86CC-4AD6-865D-AC522F4F0E77}.Debug|x86.Build.0 = Debug|Any CPU
		{8075A23F-86CC-4AD6-865D-AC522F4F0E77}.Release|Any CPU.ActiveCfg = Release|Any CPU
		{8075A23F-86CC-4AD6-865D-AC522F4F0E77}.Release|Any CPU.Build.0 = Release|Any CPU
		{8075A23F-86CC-4AD6-865D-AC522F4F0E77}.Release|x64.ActiveCfg = Release|Any CPU
		{8075A23F-86CC-4AD6-865D-AC522F4F0E77}.Release|x64.Build.0 = Release|Any CPU
		{8075A23F-86CC-4AD6-865D-AC522F4F0E77}.Release|x86.ActiveCfg = Release|Any CPU
		{8075A23F-86CC-4AD6-865D-AC522F4F0E77}.Release|x86.Build.0 = Release|Any CPU
		{6CCBF782-495E-4B95-ADE8-D84CEB7CE843}.Debug|Any CPU.ActiveCfg = Debug|Any CPU
		{6CCBF782-495E-4B95-ADE8-D84CEB7CE843}.Debug|Any CPU.Build.0 = Debug|Any CPU
		{6CCBF782-495E-4B95-ADE8-D84CEB7CE843}.Debug|x64.ActiveCfg = Debug|Any CPU
		{6CCBF782-495E-4B95-ADE8-D84CEB7CE843}.Debug|x64.Build.0 = Debug|Any CPU
		{6CCBF782-495E-4B95-ADE8-D84CEB7CE843}.Debug|x86.ActiveCfg = Debug|Any CPU
		{6CCBF782-495E-4B95-ADE8-D84CEB7CE843}.Debug|x86.Build.0 = Debug|Any CPU
		{6CCBF782-495E-4B95-ADE8-D84CEB7CE843}.Release|Any CPU.ActiveCfg = Release|Any CPU
		{6CCBF782-495E-4B95-ADE8-D84CEB7CE843}.Release|Any CPU.Build.0 = Release|Any CPU
		{6CCBF782-495E-4B95-ADE8-D84CEB7CE843}.Release|x64.ActiveCfg = Release|Any CPU
		{6CCBF782-495E-4B95-ADE8-D84CEB7CE843}.Release|x64.Build.0 = Release|Any CPU
		{6CCBF782-495E-4B95-ADE8-D84CEB7CE843}.Release|x86.ActiveCfg = Release|Any CPU
		{6CCBF782-495E-4B95-ADE8-D84CEB7CE843}.Release|x86.Build.0 = Release|Any CPU
		{FA957BC7-B921-4F8F-8F75-FD0B3ABACDC9}.Debug|Any CPU.ActiveCfg = Debug|Any CPU
		{FA957BC7-B921-4F8F-8F75-FD0B3ABACDC9}.Debug|Any CPU.Build.0 = Debug|Any CPU
		{FA957BC7-B921-4F8F-8F75-FD0B3ABACDC9}.Debug|x64.ActiveCfg = Debug|Any CPU
		{FA957BC7-B921-4F8F-8F75-FD0B3ABACDC9}.Debug|x64.Build.0 = Debug|Any CPU
		{FA957BC7-B921-4F8F-8F75-FD0B3ABACDC9}.Debug|x86.ActiveCfg = Debug|Any CPU
		{FA957BC7-B921-4F8F-8F75-FD0B3ABACDC9}.Debug|x86.Build.0 = Debug|Any CPU
		{FA957BC7-B921-4F8F-8F75-FD0B3ABACDC9}.Release|Any CPU.ActiveCfg = Release|Any CPU
		{FA957BC7-B921-4F8F-8F75-FD0B3ABACDC9}.Release|Any CPU.Build.0 = Release|Any CPU
		{FA957BC7-B921-4F8F-8F75-FD0B3ABACDC9}.Release|x64.ActiveCfg = Release|Any CPU
		{FA957BC7-B921-4F8F-8F75-FD0B3ABACDC9}.Release|x64.Build.0 = Release|Any CPU
		{FA957BC7-B921-4F8F-8F75-FD0B3ABACDC9}.Release|x86.ActiveCfg = Release|Any CPU
		{FA957BC7-B921-4F8F-8F75-FD0B3ABACDC9}.Release|x86.Build.0 = Release|Any CPU
	EndGlobalSection
	GlobalSection(SolutionProperties) = preSolution
		HideSolutionNode = FALSE
	EndGlobalSection
EndGlobal
